
Microsoft Visual Studio Solution File, Format Version 12.00
# Visual Studio Version 17
VisualStudioVersion = 17.3.32901.215
MinimumVisualStudioVersion = 10.0.40219.1
Project("{FAE04EC0-301F-11D3-BF4B-00C04F79EFBC}") = "TournamentBracketLibrary", "TournamentBracket\TournamentBracketLibrary.csproj", "{2CC68A55-F28D-45F8-9138-08B7EC100A1E}"
EndProject
Global
	GlobalSection(SolutionConfigurationPlatforms) = preSolution
		Debug|Any CPU = Debug|Any CPU
		Release|Any CPU = Release|Any CPU
	EndGlobalSection
	GlobalSection(ProjectConfigurationPlatforms) = postSolution
		{2CC68A55-F28D-45F8-9138-08B7EC100A1E}.Debug|Any CPU.ActiveCfg = Debug|Any CPU
		{2CC68A55-F28D-45F8-9138-08B7EC100A1E}.Debug|Any CPU.Build.0 = Debug|Any CPU
		{2CC68A55-F28D-45F8-9138-08B7EC100A1E}.Release|Any CPU.ActiveCfg = Release|Any CPU
		{2CC68A55-F28D-45F8-9138-08B7EC100A1E}.Release|Any CPU.Build.0 = Release|Any CPU
	EndGlobalSection
	GlobalSection(SolutionProperties) = preSolution
		HideSolutionNode = FALSE
	EndGlobalSection
	GlobalSection(ExtensibilityGlobals) = postSolution
		SolutionGuid = {0E0DD299-6E9D-44FB-A244-D6DC4FE3DF93}
	EndGlobalSection
EndGlobal
